
Microsoft Visual Studio Solution File, Format Version 12.00
# Visual Studio Version 17
VisualStudioVersion = 17.8.34525.116
MinimumVisualStudioVersion = 10.0.40219.1
Project("{FAE04EC0-301F-11D3-BF4B-00C04F79EFBC}") = "WindowsFormsApp1", "WindowsFormsApp1\WindowsFormsApp1.csproj", "{D9E2DCA6-D60C-4577-BF67-19E2F6017B71}"
EndProject
Global
	GlobalSection(SolutionConfigurationPlatforms) = preSolution
		Debug|Any CPU = Debug|Any CPU
		Release|Any CPU = Release|Any CPU
	EndGlobalSection
	GlobalSection(ProjectConfigurationPlatforms) = postSolution
		{D9E2DCA6-D60C-4577-BF67-19E2F6017B71}.Debug|Any CPU.ActiveCfg = Debug|Any CPU
		{D9E2DCA6-D60C-4577-BF67-19E2F6017B71}.Debug|Any CPU.Build.0 = Debug|Any CPU
		{D9E2DCA6-D60C-4577-BF67-19E2F6017B71}.Release|Any CPU.ActiveCfg = Release|Any CPU
		{D9E2DCA6-D60C-4577-BF67-19E2F6017B71}.Release|Any CPU.Build.0 = Release|Any CPU
	EndGlobalSection
	GlobalSection(SolutionProperties) = preSolution
		HideSolutionNode = FALSE
	EndGlobalSection
	GlobalSection(ExtensibilityGlobals) = postSolution
		SolutionGuid = {E53839D4-1713-47AE-8C9B-AC2DC9E8A060}
	EndGlobalSection
EndGlobal
